
Microsoft Visual Studio Solution File, Format Version 12.00
# Visual Studio 14
VisualStudioVersion = 14.0.25420.1
MinimumVisualStudioVersion = 10.0.40219.1
Project("{FAE04EC0-301F-11D3-BF4B-00C04F79EFBC}") = "HomeworkTask1", "Homework\HomeworkTask1.csproj", "{57AC6160-C9E2-471F-9E81-D7109721A00C}"
EndProject
Project("{FAE04EC0-301F-11D3-BF4B-00C04F79EFBC}") = "HomeworkTask2", "HomeworkTask2\HomeworkTask2.csproj", "{6C83CCE7-DA71-4913-B68F-563423462680}"
EndProject
Project("{FAE04EC0-301F-11D3-BF4B-00C04F79EFBC}") = "HomeworkTask3", "HomeworkTask3\HomeworkTask3.csproj", "{D2C4EE70-EB03-4C0F-97FC-46D094FB83A3}"
EndProject
Project("{FAE04EC0-301F-11D3-BF4B-00C04F79EFBC}") = "HomeworkTask4", "HomeworkTask4\HomeworkTask4.csproj", "{969E4A99-838C-4427-BCC7-7EB2E6BE4ECF}"
EndProject
Project("{FAE04EC0-301F-11D3-BF4B-00C04F79EFBC}") = "HomeworkTask5", "HomeworkTask5\HomeworkTask5.csproj", "{FE188FC3-9A42-4D05-B10B-79FFA5FFB256}"
EndProject
Project("{FAE04EC0-301F-11D3-BF4B-00C04F79EFBC}") = "HomeworkTask6", "HomeworkTask6\HomeworkTask6.csproj", "{B0BFF710-3FE7-42F0-BE70-E42D9AAE6631}"
EndProject
Project("{FAE04EC0-301F-11D3-BF4B-00C04F79EFBC}") = "Task9", "Task9\Task9.csproj", "{686CCAE9-4BA8-4D1C-94C2-703535AC5290}"
EndProject
Project("{FAE04EC0-301F-11D3-BF4B-00C04F79EFBC}") = "Task8", "Task8\Task8.csproj", "{9EBCA390-EE65-4C9B-A461-197822D963AC}"
EndProject
Project("{FAE04EC0-301F-11D3-BF4B-00C04F79EFBC}") = "Task7", "Task7\Task7.csproj", "{A0BA9422-0B85-4937-B480-0D47CB98E843}"
EndProject
Global
	GlobalSection(SolutionConfigurationPlatforms) = preSolution
		Debug|Any CPU = Debug|Any CPU
		Release|Any CPU = Release|Any CPU
	EndGlobalSection
	GlobalSection(ProjectConfigurationPlatforms) = postSolution
		{57AC6160-C9E2-471F-9E81-D7109721A00C}.Debug|Any CPU.ActiveCfg = Debug|Any CPU
		{57AC6160-C9E2-471F-9E81-D7109721A00C}.Debug|Any CPU.Build.0 = Debug|Any CPU
		{57AC6160-C9E2-471F-9E81-D7109721A00C}.Release|Any CPU.ActiveCfg = Release|Any CPU
		{57AC6160-C9E2-471F-9E81-D7109721A00C}.Release|Any CPU.Build.0 = Release|Any CPU
		{6C83CCE7-DA71-4913-B68F-563423462680}.Debug|Any CPU.ActiveCfg = Debug|Any CPU
		{6C83CCE7-DA71-4913-B68F-563423462680}.Debug|Any CPU.Build.0 = Debug|Any CPU
		{6C83CCE7-DA71-4913-B68F-563423462680}.Release|Any CPU.ActiveCfg = Release|Any CPU
		{6C83CCE7-DA71-4913-B68F-563423462680}.Release|Any CPU.Build.0 = Release|Any CPU
		{D2C4EE70-EB03-4C0F-97FC-46D094FB83A3}.Debug|Any CPU.ActiveCfg = Debug|Any CPU
		{D2C4EE70-EB03-4C0F-97FC-46D094FB83A3}.Debug|Any CPU.Build.0 = Debug|Any CPU
		{D2C4EE70-EB03-4C0F-97FC-46D094FB83A3}.Release|Any CPU.ActiveCfg = Release|Any CPU
		{D2C4EE70-EB03-4C0F-97FC-46D094FB83A3}.Release|Any CPU.Build.0 = Release|Any CPU
		{969E4A99-838C-4427-BCC7-7EB2E6BE4ECF}.Debug|Any CPU.ActiveCfg = Debug|Any CPU
		{969E4A99-838C-4427-BCC7-7EB2E6BE4ECF}.Debug|Any CPU.Build.0 = Debug|Any CPU
		{969E4A99-838C-4427-BCC7-7EB2E6BE4ECF}.Release|Any CPU.ActiveCfg = Release|Any CPU
		{969E4A99-838C-4427-BCC7-7EB2E6BE4ECF}.Release|Any CPU.Build.0 = Release|Any CPU
		{FE188FC3-9A42-4D05-B10B-79FFA5FFB256}.Debug|Any CPU.ActiveCfg = Debug|Any CPU
		{FE188FC3-9A42-4D05-B10B-79FFA5FFB256}.Debug|Any CPU.Build.0 = Debug|Any CPU
		{FE188FC3-9A42-4D05-B10B-79FFA5FFB256}.Release|Any CPU.ActiveCfg = Release|Any CPU
		{FE188FC3-9A42-4D05-B10B-79FFA5FFB256}.Release|Any CPU.Build.0 = Release|Any CPU
		{B0BFF710-3FE7-42F0-BE70-E42D9AAE6631}.Debug|Any CPU.ActiveCfg = Debug|Any CPU
		{B0BFF710-3FE7-42F0-BE70-E42D9AAE6631}.Debug|Any CPU.Build.0 = Debug|Any CPU
		{B0BFF710-3FE7-42F0-BE70-E42D9AAE6631}.Release|Any CPU.ActiveCfg = Release|Any CPU
		{B0BFF710-3FE7-42F0-BE70-E42D9AAE6631}.Release|Any CPU.Build.0 = Release|Any CPU
		{686CCAE9-4BA8-4D1C-94C2-703535AC5290}.Debug|Any CPU.ActiveCfg = Debug|Any CPU
		{686CCAE9-4BA8-4D1C-94C2-703535AC5290}.Debug|Any CPU.Build.0 = Debug|Any CPU
		{686CCAE9-4BA8-4D1C-94C2-703535AC5290}.Release|Any CPU.ActiveCfg = Release|Any CPU
		{686CCAE9-4BA8-4D1C-94C2-703535AC5290}.Release|Any CPU.Build.0 = Release|Any CPU
		{9EBCA390-EE65-4C9B-A461-197822D963AC}.Debug|Any CPU.ActiveCfg = Debug|Any CPU
		{9EBCA390-EE65-4C9B-A461-197822D963AC}.Debug|Any CPU.Build.0 = Debug|Any CPU
		{9EBCA390-EE65-4C9B-A461-197822D963AC}.Release|Any CPU.ActiveCfg = Release|Any CPU
		{9EBCA390-EE65-4C9B-A461-197822D963AC}.Release|Any CPU.Build.0 = Release|Any CPU
		{A0BA9422-0B85-4937-B480-0D47CB98E843}.Debug|Any CPU.ActiveCfg = Debug|Any CPU
		{A0BA9422-0B85-4937-B480-0D47CB98E843}.Debug|Any CPU.Build.0 = Debug|Any CPU
		{A0BA9422-0B85-4937-B480-0D47CB98E843}.Release|Any CPU.ActiveCfg = Release|Any CPU
		{A0BA9422-0B85-4937-B480-0D47CB98E843}.Release|Any CPU.Build.0 = Release|Any CPU
	EndGlobalSection
	GlobalSection(SolutionProperties) = preSolution
		HideSolutionNode = FALSE
	EndGlobalSection
EndGlobal
