
Microsoft Visual Studio Solution File, Format Version 12.00
# Visual Studio 14
VisualStudioVersion = 14.0.25420.1
MinimumVisualStudioVersion = 10.0.40219.1
Project("{FAE04EC0-301F-11D3-BF4B-00C04F79EFBC}") = "LectionDemos", "LectionDemos\LectionDemos.csproj", "{29D35194-679D-4BA1-B927-6691CE215381}"
EndProject
Project("{FAE04EC0-301F-11D3-BF4B-00C04F79EFBC}") = "mySqlConnection2", "mySqlConnection2\mySqlConnection2.csproj", "{3DA29E47-33C2-4716-A17C-394BCB25D380}"
EndProject
Global
	GlobalSection(SolutionConfigurationPlatforms) = preSolution
		Debug|Any CPU = Debug|Any CPU
		Release|Any CPU = Release|Any CPU
	EndGlobalSection
	GlobalSection(ProjectConfigurationPlatforms) = postSolution
		{29D35194-679D-4BA1-B927-6691CE215381}.Debug|Any CPU.ActiveCfg = Debug|Any CPU
		{29D35194-679D-4BA1-B927-6691CE215381}.Debug|Any CPU.Build.0 = Debug|Any CPU
		{29D35194-679D-4BA1-B927-6691CE215381}.Release|Any CPU.ActiveCfg = Release|Any CPU
		{29D35194-679D-4BA1-B927-6691CE215381}.Release|Any CPU.Build.0 = Release|Any CPU
		{3DA29E47-33C2-4716-A17C-394BCB25D380}.Debug|Any CPU.ActiveCfg = Debug|Any CPU
		{3DA29E47-33C2-4716-A17C-394BCB25D380}.Debug|Any CPU.Build.0 = Debug|Any CPU
		{3DA29E47-33C2-4716-A17C-394BCB25D380}.Release|Any CPU.ActiveCfg = Release|Any CPU
		{3DA29E47-33C2-4716-A17C-394BCB25D380}.Release|Any CPU.Build.0 = Release|Any CPU
	EndGlobalSection
	GlobalSection(SolutionProperties) = preSolution
		HideSolutionNode = FALSE
	EndGlobalSection
EndGlobal
